
Microsoft Visual Studio Solution File, Format Version 12.00
# Visual Studio Version 17
VisualStudioVersion = 17.14.36408.4 d17.14
MinimumVisualStudioVersion = 10.0.40219.1
Project("{F184B08F-C81C-45F6-A57F-5ABD9991F28F}") = "ConsoleApp3", "ConsoleApp3.vbproj", "{9825ACDC-ACB8-479D-9211-4FC2CAA38D8B}"
EndProject
Global
	GlobalSection(SolutionConfigurationPlatforms) = preSolution
		Debug|Any CPU = Debug|Any CPU
		Release|Any CPU = Release|Any CPU
	EndGlobalSection
	GlobalSection(ProjectConfigurationPlatforms) = postSolution
		{9825ACDC-ACB8-479D-9211-4FC2CAA38D8B}.Debug|Any CPU.ActiveCfg = Debug|Any CPU
		{9825ACDC-ACB8-479D-9211-4FC2CAA38D8B}.Debug|Any CPU.Build.0 = Debug|Any CPU
		{9825ACDC-ACB8-479D-9211-4FC2CAA38D8B}.Release|Any CPU.ActiveCfg = Release|Any CPU
		{9825ACDC-ACB8-479D-9211-4FC2CAA38D8B}.Release|Any CPU.Build.0 = Release|Any CPU
	EndGlobalSection
	GlobalSection(SolutionProperties) = preSolution
		HideSolutionNode = FALSE
	EndGlobalSection
	GlobalSection(ExtensibilityGlobals) = postSolution
		SolutionGuid = {494F7B46-CB6D-4BBD-8A9F-A2028811B601}
	EndGlobalSection
EndGlobal
