
Microsoft Visual Studio Solution File, Format Version 12.00
# Visual Studio Version 17
VisualStudioVersion = 17.14.36408.4 d17.14
MinimumVisualStudioVersion = 10.0.40219.1
Project("{F184B08F-C81C-45F6-A57F-5ABD9991F28F}") = "ConsoleApp4", "ConsoleApp4.vbproj", "{F99C2A88-9D01-41A9-B3BF-228ED68B0B58}"
EndProject
Global
	GlobalSection(SolutionConfigurationPlatforms) = preSolution
		Debug|Any CPU = Debug|Any CPU
		Release|Any CPU = Release|Any CPU
	EndGlobalSection
	GlobalSection(ProjectConfigurationPlatforms) = postSolution
		{F99C2A88-9D01-41A9-B3BF-228ED68B0B58}.Debug|Any CPU.ActiveCfg = Debug|Any CPU
		{F99C2A88-9D01-41A9-B3BF-228ED68B0B58}.Debug|Any CPU.Build.0 = Debug|Any CPU
		{F99C2A88-9D01-41A9-B3BF-228ED68B0B58}.Release|Any CPU.ActiveCfg = Release|Any CPU
		{F99C2A88-9D01-41A9-B3BF-228ED68B0B58}.Release|Any CPU.Build.0 = Release|Any CPU
	EndGlobalSection
	GlobalSection(SolutionProperties) = preSolution
		HideSolutionNode = FALSE
	EndGlobalSection
	GlobalSection(ExtensibilityGlobals) = postSolution
		SolutionGuid = {E6C85979-143A-482C-B925-D401943F050C}
	EndGlobalSection
EndGlobal
